
Microsoft Visual Studio Solution File, Format Version 12.00
# Visual Studio Version 16
VisualStudioVersion = 16.0.810.25
MinimumVisualStudioVersion = 10.0.40219.1
Project("{FAE04EC0-301F-11D3-BF4B-00C04F79EFBC}") = "Jenkins21Octo.Android", "Jenkins21Octo.Android\Jenkins21Octo.Android.csproj", "{650FFF8B-3F9D-45DD-9D2C-521D1A8A5D22}"
EndProject
Project("{FAE04EC0-301F-11D3-BF4B-00C04F79EFBC}") = "Jenkins21Octo.iOS", "Jenkins21Octo.iOS\Jenkins21Octo.iOS.csproj", "{513CC8BC-6C5C-4F74-8322-22D63B9201B9}"
EndProject
Project("{FAE04EC0-301F-11D3-BF4B-00C04F79EFBC}") = "Jenkins21Octo", "Jenkins21Octo\Jenkins21Octo.csproj", "{689A035B-0791-4FDD-B786-99506DD1EEA4}"
EndProject
Global
	GlobalSection(SolutionConfigurationPlatforms) = preSolution
		Debug|Any CPU = Debug|Any CPU
		Release|Any CPU = Release|Any CPU
		Debug|iPhoneSimulator = Debug|iPhoneSimulator
		Release|iPhoneSimulator = Release|iPhoneSimulator
		Debug|iPhone = Debug|iPhone
		Release|iPhone = Release|iPhone
	EndGlobalSection
	GlobalSection(ProjectConfigurationPlatforms) = postSolution
		{650FFF8B-3F9D-45DD-9D2C-521D1A8A5D22}.Debug|Any CPU.ActiveCfg = Debug|Any CPU
		{650FFF8B-3F9D-45DD-9D2C-521D1A8A5D22}.Debug|Any CPU.Build.0 = Debug|Any CPU
		{650FFF8B-3F9D-45DD-9D2C-521D1A8A5D22}.Release|Any CPU.ActiveCfg = Release|Any CPU
		{650FFF8B-3F9D-45DD-9D2C-521D1A8A5D22}.Release|Any CPU.Build.0 = Release|Any CPU
		{650FFF8B-3F9D-45DD-9D2C-521D1A8A5D22}.Debug|iPhoneSimulator.ActiveCfg = Debug|Any CPU
		{650FFF8B-3F9D-45DD-9D2C-521D1A8A5D22}.Debug|iPhoneSimulator.Build.0 = Debug|Any CPU
		{650FFF8B-3F9D-45DD-9D2C-521D1A8A5D22}.Release|iPhoneSimulator.ActiveCfg = Release|Any CPU
		{650FFF8B-3F9D-45DD-9D2C-521D1A8A5D22}.Release|iPhoneSimulator.Build.0 = Release|Any CPU
		{650FFF8B-3F9D-45DD-9D2C-521D1A8A5D22}.Debug|iPhone.ActiveCfg = Debug|Any CPU
		{650FFF8B-3F9D-45DD-9D2C-521D1A8A5D22}.Debug|iPhone.Build.0 = Debug|Any CPU
		{650FFF8B-3F9D-45DD-9D2C-521D1A8A5D22}.Release|iPhone.ActiveCfg = Release|Any CPU
		{650FFF8B-3F9D-45DD-9D2C-521D1A8A5D22}.Release|iPhone.Build.0 = Release|Any CPU
		{513CC8BC-6C5C-4F74-8322-22D63B9201B9}.Debug|Any CPU.ActiveCfg = Debug|iPhoneSimulator
		{513CC8BC-6C5C-4F74-8322-22D63B9201B9}.Debug|Any CPU.Build.0 = Debug|iPhoneSimulator
		{513CC8BC-6C5C-4F74-8322-22D63B9201B9}.Release|Any CPU.ActiveCfg = Release|iPhoneSimulator
		{513CC8BC-6C5C-4F74-8322-22D63B9201B9}.Release|Any CPU.Build.0 = Release|iPhoneSimulator
		{513CC8BC-6C5C-4F74-8322-22D63B9201B9}.Debug|iPhoneSimulator.ActiveCfg = Debug|iPhoneSimulator
		{513CC8BC-6C5C-4F74-8322-22D63B9201B9}.Debug|iPhoneSimulator.Build.0 = Debug|iPhoneSimulator
		{513CC8BC-6C5C-4F74-8322-22D63B9201B9}.Release|iPhoneSimulator.ActiveCfg = Release|iPhoneSimulator
		{513CC8BC-6C5C-4F74-8322-22D63B9201B9}.Release|iPhoneSimulator.Build.0 = Release|iPhoneSimulator
		{513CC8BC-6C5C-4F74-8322-22D63B9201B9}.Debug|iPhone.ActiveCfg = Debug|iPhone
		{513CC8BC-6C5C-4F74-8322-22D63B9201B9}.Debug|iPhone.Build.0 = Debug|iPhone
		{513CC8BC-6C5C-4F74-8322-22D63B9201B9}.Release|iPhone.ActiveCfg = Release|iPhone
		{513CC8BC-6C5C-4F74-8322-22D63B9201B9}.Release|iPhone.Build.0 = Release|iPhone
		{689A035B-0791-4FDD-B786-99506DD1EEA4}.Debug|Any CPU.ActiveCfg = Debug|Any CPU
		{689A035B-0791-4FDD-B786-99506DD1EEA4}.Debug|Any CPU.Build.0 = Debug|Any CPU
		{689A035B-0791-4FDD-B786-99506DD1EEA4}.Release|Any CPU.ActiveCfg = Release|Any CPU
		{689A035B-0791-4FDD-B786-99506DD1EEA4}.Release|Any CPU.Build.0 = Release|Any CPU
		{689A035B-0791-4FDD-B786-99506DD1EEA4}.Debug|iPhoneSimulator.ActiveCfg = Debug|Any CPU
		{689A035B-0791-4FDD-B786-99506DD1EEA4}.Debug|iPhoneSimulator.Build.0 = Debug|Any CPU
		{689A035B-0791-4FDD-B786-99506DD1EEA4}.Release|iPhoneSimulator.ActiveCfg = Release|Any CPU
		{689A035B-0791-4FDD-B786-99506DD1EEA4}.Release|iPhoneSimulator.Build.0 = Release|Any CPU
		{689A035B-0791-4FDD-B786-99506DD1EEA4}.Debug|iPhone.ActiveCfg = Debug|Any CPU
		{689A035B-0791-4FDD-B786-99506DD1EEA4}.Debug|iPhone.Build.0 = Debug|Any CPU
		{689A035B-0791-4FDD-B786-99506DD1EEA4}.Release|iPhone.ActiveCfg = Release|Any CPU
		{689A035B-0791-4FDD-B786-99506DD1EEA4}.Release|iPhone.Build.0 = Release|Any CPU
	EndGlobalSection
	GlobalSection(SolutionProperties) = preSolution
		HideSolutionNode = FALSE
	EndGlobalSection
	GlobalSection(ExtensibilityGlobals) = postSolution
		SolutionGuid = {D5B1FFF3-CDDE-45EA-B0A5-A47712B6ED2D}
	EndGlobalSection
EndGlobal
